// !$*UTF8*$!
{
	archiveVersion = 1;
	classes = {
	};
	objectVersion = 56;
	objects = {

/* Begin PBXBuildFile section */
		0FB4BEFE2A62EA730009D00C /* Nano3_MRTStationApp.swift in Sources */ = {isa = PBXBuildFile; fileRef = 0FB4BEFD2A62EA730009D00C /* Nano3_MRTStationApp.swift */; };
		0FB4BF022A62EA730009D00C /* Assets.xcassets in Resources */ = {isa = PBXBuildFile; fileRef = 0FB4BF012A62EA730009D00C /* Assets.xcassets */; };
		0FB4BF052A62EA730009D00C /* Preview Assets.xcassets in Resources */ = {isa = PBXBuildFile; fileRef = 0FB4BF042A62EA730009D00C /* Preview Assets.xcassets */; };
		765881DE2A6992140030DAE6 /* Nano3_MRTApp.swift in Sources */ = {isa = PBXBuildFile; fileRef = 765881DD2A6992140030DAE6 /* Nano3_MRTApp.swift */; };
		765881E02A6992140030DAE6 /* ContentView.swift in Sources */ = {isa = PBXBuildFile; fileRef = 765881DF2A6992140030DAE6 /* ContentView.swift */; };
		765881E22A6992150030DAE6 /* Assets.xcassets in Resources */ = {isa = PBXBuildFile; fileRef = 765881E12A6992150030DAE6 /* Assets.xcassets */; };
		765881E82A6992150030DAE6 /* Nano3 MRT Watch App.app in Embed Watch Content */ = {isa = PBXBuildFile; fileRef = 765881DB2A6992140030DAE6 /* Nano3 MRT Watch App.app */; settings = {ATTRIBUTES = (RemoveHeadersOnCopy, ); }; };
		765881EF2A6992530030DAE6 /* WatchViewModel.swift in Sources */ = {isa = PBXBuildFile; fileRef = 765881EE2A6992530030DAE6 /* WatchViewModel.swift */; };
		765881F02A6992530030DAE6 /* WatchViewModel.swift in Sources */ = {isa = PBXBuildFile; fileRef = 765881EE2A6992530030DAE6 /* WatchViewModel.swift */; };
		765881F12A6993840030DAE6 /* LocationDataManagerDelegate.swift in Sources */ = {isa = PBXBuildFile; fileRef = C4C6A3A62A62F14D000D18D8 /* LocationDataManagerDelegate.swift */; };
		765881F22A6993870030DAE6 /* LocationDataManager.swift in Sources */ = {isa = PBXBuildFile; fileRef = C4C6A3A52A62F14D000D18D8 /* LocationDataManager.swift */; };
		765881F42A69942B0030DAE6 /* WatchCompassView.swift in Sources */ = {isa = PBXBuildFile; fileRef = 765881F32A69942B0030DAE6 /* WatchCompassView.swift */; };
		765881F52A69942B0030DAE6 /* WatchCompassView.swift in Sources */ = {isa = PBXBuildFile; fileRef = 765881F32A69942B0030DAE6 /* WatchCompassView.swift */; };
		76F1C0462A699570009786E0 /* Place.swift in Sources */ = {isa = PBXBuildFile; fileRef = C4C6A3B32A62F14D000D18D8 /* Place.swift */; };
		76F1C0472A699583009786E0 /* location.swift in Sources */ = {isa = PBXBuildFile; fileRef = C4C6A3B22A62F14D000D18D8 /* location.swift */; };
		76F1C0482A6995A6009786E0 /* LocationStateView.swift in Sources */ = {isa = PBXBuildFile; fileRef = C4C6A3AB2A62F14D000D18D8 /* LocationStateView.swift */; };
		C404D3CA2A692D2400D149AC /* PlaceCategoryGridView.swift in Sources */ = {isa = PBXBuildFile; fileRef = C404D3C92A692D2400D149AC /* PlaceCategoryGridView.swift */; };
		C404D3CD2A69332700D149AC /* PlaceCategoryGridItem.swift in Sources */ = {isa = PBXBuildFile; fileRef = C404D3CC2A69332700D149AC /* PlaceCategoryGridItem.swift */; };
		C41A43172A68AE5D000E9B3A /* AddPlaceView.swift in Sources */ = {isa = PBXBuildFile; fileRef = C41A43162A68AE5D000E9B3A /* AddPlaceView.swift */; };
		C44E1AF92A68A62D00F9D5B0 /* FirestoreManager.swift in Sources */ = {isa = PBXBuildFile; fileRef = C44E1AF82A68A62D00F9D5B0 /* FirestoreManager.swift */; };
		C44E1AFC2A68A77F00F9D5B0 /* StationRepository.swift in Sources */ = {isa = PBXBuildFile; fileRef = C44E1AFB2A68A77F00F9D5B0 /* StationRepository.swift */; };
		C44E1AFE2A68A88300F9D5B0 /* Compass.swift in Sources */ = {isa = PBXBuildFile; fileRef = C44E1AFD2A68A88300F9D5B0 /* Compass.swift */; };
		C48FA5C32A6AA64A00DC7CE6 /* AccessOptPicker.swift in Sources */ = {isa = PBXBuildFile; fileRef = C48FA5C22A6AA64A00DC7CE6 /* AccessOptPicker.swift */; };
		C492620D2A6A803C00FF8137 /* StepDivider.swift in Sources */ = {isa = PBXBuildFile; fileRef = C492620C2A6A803C00FF8137 /* StepDivider.swift */; };
		C492620F2A6A804B00FF8137 /* StepIndicator.swift in Sources */ = {isa = PBXBuildFile; fileRef = C492620E2A6A804B00FF8137 /* StepIndicator.swift */; };
		C49262112A6A808200FF8137 /* StepperProgressBar.swift in Sources */ = {isa = PBXBuildFile; fileRef = C49262102A6A808200FF8137 /* StepperProgressBar.swift */; };
		C49262142A6A817300FF8137 /* PlaceDetailsView.swift in Sources */ = {isa = PBXBuildFile; fileRef = C49262132A6A817300FF8137 /* PlaceDetailsView.swift */; };
		C49262162A6A85E900FF8137 /* PlaceListMap.swift in Sources */ = {isa = PBXBuildFile; fileRef = C49262152A6A85E900FF8137 /* PlaceListMap.swift */; };
		C4C6A3B52A62F14D000D18D8 /* LocationDataManager.swift in Sources */ = {isa = PBXBuildFile; fileRef = C4C6A3A52A62F14D000D18D8 /* LocationDataManager.swift */; };
		C4C6A3B62A62F14D000D18D8 /* LocationDataManagerDelegate.swift in Sources */ = {isa = PBXBuildFile; fileRef = C4C6A3A62A62F14D000D18D8 /* LocationDataManagerDelegate.swift */; };
		C4C6A3B72A62F14D000D18D8 /* DiscoveryViewModel.swift in Sources */ = {isa = PBXBuildFile; fileRef = C4C6A3A82A62F14D000D18D8 /* DiscoveryViewModel.swift */; };
		C4C6A3B82A62F14D000D18D8 /* CompassView.swift in Sources */ = {isa = PBXBuildFile; fileRef = C4C6A3AA2A62F14D000D18D8 /* CompassView.swift */; };
		C4C6A3B92A62F14D000D18D8 /* LocationStateView.swift in Sources */ = {isa = PBXBuildFile; fileRef = C4C6A3AB2A62F14D000D18D8 /* LocationStateView.swift */; };
		C4C6A3BB2A62F14D000D18D8 /* PlaceListView.swift in Sources */ = {isa = PBXBuildFile; fileRef = C4C6A3AE2A62F14D000D18D8 /* PlaceListView.swift */; };
		C4C6A3BC2A62F14D000D18D8 /* PlaceListRow.swift in Sources */ = {isa = PBXBuildFile; fileRef = C4C6A3AF2A62F14D000D18D8 /* PlaceListRow.swift */; };
		C4C6A3BD2A62F14D000D18D8 /* ContentView.swift in Sources */ = {isa = PBXBuildFile; fileRef = C4C6A3B02A62F14D000D18D8 /* ContentView.swift */; };
		C4C6A3BE2A62F14D000D18D8 /* location.swift in Sources */ = {isa = PBXBuildFile; fileRef = C4C6A3B22A62F14D000D18D8 /* location.swift */; };
		C4C6A3BF2A62F14D000D18D8 /* Place.swift in Sources */ = {isa = PBXBuildFile; fileRef = C4C6A3B32A62F14D000D18D8 /* Place.swift */; };
		C4C6A3C02A62F14D000D18D8 /* Station.swift in Sources */ = {isa = PBXBuildFile; fileRef = C4C6A3B42A62F14D000D18D8 /* Station.swift */; };
		C4EA02492A67629F00DF0013 /* FirebaseFirestore in Frameworks */ = {isa = PBXBuildFile; productRef = C4EA02482A67629F00DF0013 /* FirebaseFirestore */; };
		C4EA024B2A67629F00DF0013 /* FirebaseFirestoreSwift in Frameworks */ = {isa = PBXBuildFile; productRef = C4EA024A2A67629F00DF0013 /* FirebaseFirestoreSwift */; };
		C4EA02522A67747800DF0013 /* MockStationRepository.swift in Sources */ = {isa = PBXBuildFile; fileRef = C4EA02512A67747800DF0013 /* MockStationRepository.swift */; };
		C4FB5F412A6AE3F200833B37 /* InfoItem.swift in Sources */ = {isa = PBXBuildFile; fileRef = C4FB5F402A6AE3F200833B37 /* InfoItem.swift */; };
		C4FBD91C2A6CE90F0092A757 /* ShimmerEffect.swift in Sources */ = {isa = PBXBuildFile; fileRef = C4FBD91B2A6CE90F0092A757 /* ShimmerEffect.swift */; };
		DD0748702A696E8500AF5AFF /* GoogleService-Info.plist in Resources */ = {isa = PBXBuildFile; fileRef = DD07486F2A696E8500AF5AFF /* GoogleService-Info.plist */; };
/* End PBXBuildFile section */

/* Begin PBXContainerItemProxy section */
		765881E62A6992150030DAE6 /* PBXContainerItemProxy */ = {
			isa = PBXContainerItemProxy;
			containerPortal = 0FB4BEF22A62EA730009D00C /* Project object */;
			proxyType = 1;
			remoteGlobalIDString = 765881DA2A6992140030DAE6;
			remoteInfo = "Nano3 MRT Watch App";
		};
/* End PBXContainerItemProxy section */

/* Begin PBXCopyFilesBuildPhase section */
		765881E92A6992150030DAE6 /* Embed Watch Content */ = {
			isa = PBXCopyFilesBuildPhase;
			buildActionMask = 2147483647;
			dstPath = "$(CONTENTS_FOLDER_PATH)/Watch";
			dstSubfolderSpec = 16;
			files = (
				765881E82A6992150030DAE6 /* Nano3 MRT Watch App.app in Embed Watch Content */,
			);
			name = "Embed Watch Content";
			runOnlyForDeploymentPostprocessing = 0;
		};
/* End PBXCopyFilesBuildPhase section */

/* Begin PBXFileReference section */
		0FB4BEFA2A62EA730009D00C /* Nano3_MRTStation.app */ = {isa = PBXFileReference; explicitFileType = wrapper.application; includeInIndex = 0; path = Nano3_MRTStation.app; sourceTree = BUILT_PRODUCTS_DIR; };
		0FB4BEFD2A62EA730009D00C /* Nano3_MRTStationApp.swift */ = {isa = PBXFileReference; lastKnownFileType = sourcecode.swift; path = Nano3_MRTStationApp.swift; sourceTree = "<group>"; };
		0FB4BF012A62EA730009D00C /* Assets.xcassets */ = {isa = PBXFileReference; lastKnownFileType = folder.assetcatalog; path = Assets.xcassets; sourceTree = "<group>"; };
		0FB4BF042A62EA730009D00C /* Preview Assets.xcassets */ = {isa = PBXFileReference; lastKnownFileType = folder.assetcatalog; path = "Preview Assets.xcassets"; sourceTree = "<group>"; };
		765881DB2A6992140030DAE6 /* Nano3 MRT Watch App.app */ = {isa = PBXFileReference; explicitFileType = wrapper.application; includeInIndex = 0; path = "Nano3 MRT Watch App.app"; sourceTree = BUILT_PRODUCTS_DIR; };
		765881DD2A6992140030DAE6 /* Nano3_MRTApp.swift */ = {isa = PBXFileReference; lastKnownFileType = sourcecode.swift; path = Nano3_MRTApp.swift; sourceTree = "<group>"; };
		765881DF2A6992140030DAE6 /* ContentView.swift */ = {isa = PBXFileReference; lastKnownFileType = sourcecode.swift; path = ContentView.swift; sourceTree = "<group>"; };
		765881E12A6992150030DAE6 /* Assets.xcassets */ = {isa = PBXFileReference; lastKnownFileType = folder.assetcatalog; path = Assets.xcassets; sourceTree = "<group>"; };
		765881E42A6992150030DAE6 /* Preview Assets.xcassets */ = {isa = PBXFileReference; lastKnownFileType = folder.assetcatalog; path = "Preview Assets.xcassets"; sourceTree = "<group>"; };
		765881ED2A6992300030DAE6 /* Nano3-MRT-Watch-App-Info.plist */ = {isa = PBXFileReference; lastKnownFileType = text.plist; path = "Nano3-MRT-Watch-App-Info.plist"; sourceTree = SOURCE_ROOT; };
		765881EE2A6992530030DAE6 /* WatchViewModel.swift */ = {isa = PBXFileReference; lastKnownFileType = sourcecode.swift; path = WatchViewModel.swift; sourceTree = "<group>"; };
		765881F32A69942B0030DAE6 /* WatchCompassView.swift */ = {isa = PBXFileReference; fileEncoding = 4; lastKnownFileType = sourcecode.swift; path = WatchCompassView.swift; sourceTree = "<group>"; };
		C404D3C92A692D2400D149AC /* PlaceCategoryGridView.swift */ = {isa = PBXFileReference; lastKnownFileType = sourcecode.swift; path = PlaceCategoryGridView.swift; sourceTree = "<group>"; };
		C404D3CC2A69332700D149AC /* PlaceCategoryGridItem.swift */ = {isa = PBXFileReference; lastKnownFileType = sourcecode.swift; path = PlaceCategoryGridItem.swift; sourceTree = "<group>"; };
		C41A43162A68AE5D000E9B3A /* AddPlaceView.swift */ = {isa = PBXFileReference; lastKnownFileType = sourcecode.swift; path = AddPlaceView.swift; sourceTree = "<group>"; };
		C42091EC2A62EE4700009BAA /* Nano3-MRTStation-Info.plist */ = {isa = PBXFileReference; lastKnownFileType = text.plist; path = "Nano3-MRTStation-Info.plist"; sourceTree = SOURCE_ROOT; };
		C44E1AF82A68A62D00F9D5B0 /* FirestoreManager.swift */ = {isa = PBXFileReference; lastKnownFileType = sourcecode.swift; path = FirestoreManager.swift; sourceTree = "<group>"; };
		C44E1AFB2A68A77F00F9D5B0 /* StationRepository.swift */ = {isa = PBXFileReference; lastKnownFileType = sourcecode.swift; path = StationRepository.swift; sourceTree = "<group>"; };
		C44E1AFD2A68A88300F9D5B0 /* Compass.swift */ = {isa = PBXFileReference; lastKnownFileType = sourcecode.swift; path = Compass.swift; sourceTree = "<group>"; };
		C48FA5C22A6AA64A00DC7CE6 /* AccessOptPicker.swift */ = {isa = PBXFileReference; lastKnownFileType = sourcecode.swift; path = AccessOptPicker.swift; sourceTree = "<group>"; };
		C492620C2A6A803C00FF8137 /* StepDivider.swift */ = {isa = PBXFileReference; lastKnownFileType = sourcecode.swift; path = StepDivider.swift; sourceTree = "<group>"; };
		C492620E2A6A804B00FF8137 /* StepIndicator.swift */ = {isa = PBXFileReference; lastKnownFileType = sourcecode.swift; path = StepIndicator.swift; sourceTree = "<group>"; };
		C49262102A6A808200FF8137 /* StepperProgressBar.swift */ = {isa = PBXFileReference; lastKnownFileType = sourcecode.swift; path = StepperProgressBar.swift; sourceTree = "<group>"; };
		C49262132A6A817300FF8137 /* PlaceDetailsView.swift */ = {isa = PBXFileReference; lastKnownFileType = sourcecode.swift; path = PlaceDetailsView.swift; sourceTree = "<group>"; };
		C49262152A6A85E900FF8137 /* PlaceListMap.swift */ = {isa = PBXFileReference; lastKnownFileType = sourcecode.swift; path = PlaceListMap.swift; sourceTree = "<group>"; };
		C49FEB152A6B4EC900C87AFF /* SimulatedLocations.gpx */ = {isa = PBXFileReference; lastKnownFileType = text.xml; path = SimulatedLocations.gpx; sourceTree = "<group>"; };
		C4C6A3A52A62F14D000D18D8 /* LocationDataManager.swift */ = {isa = PBXFileReference; fileEncoding = 4; lastKnownFileType = sourcecode.swift; path = LocationDataManager.swift; sourceTree = "<group>"; };
		C4C6A3A62A62F14D000D18D8 /* LocationDataManagerDelegate.swift */ = {isa = PBXFileReference; fileEncoding = 4; lastKnownFileType = sourcecode.swift; path = LocationDataManagerDelegate.swift; sourceTree = "<group>"; };
		C4C6A3A82A62F14D000D18D8 /* DiscoveryViewModel.swift */ = {isa = PBXFileReference; fileEncoding = 4; lastKnownFileType = sourcecode.swift; path = DiscoveryViewModel.swift; sourceTree = "<group>"; };
		C4C6A3AA2A62F14D000D18D8 /* CompassView.swift */ = {isa = PBXFileReference; fileEncoding = 4; lastKnownFileType = sourcecode.swift; path = CompassView.swift; sourceTree = "<group>"; };
		C4C6A3AB2A62F14D000D18D8 /* LocationStateView.swift */ = {isa = PBXFileReference; fileEncoding = 4; lastKnownFileType = sourcecode.swift; path = LocationStateView.swift; sourceTree = "<group>"; };
		C4C6A3AE2A62F14D000D18D8 /* PlaceListView.swift */ = {isa = PBXFileReference; fileEncoding = 4; lastKnownFileType = sourcecode.swift; path = PlaceListView.swift; sourceTree = "<group>"; };
		C4C6A3AF2A62F14D000D18D8 /* PlaceListRow.swift */ = {isa = PBXFileReference; fileEncoding = 4; lastKnownFileType = sourcecode.swift; path = PlaceListRow.swift; sourceTree = "<group>"; };
		C4C6A3B02A62F14D000D18D8 /* ContentView.swift */ = {isa = PBXFileReference; fileEncoding = 4; lastKnownFileType = sourcecode.swift; path = ContentView.swift; sourceTree = "<group>"; };
		C4C6A3B22A62F14D000D18D8 /* location.swift */ = {isa = PBXFileReference; fileEncoding = 4; lastKnownFileType = sourcecode.swift; path = location.swift; sourceTree = "<group>"; };
		C4C6A3B32A62F14D000D18D8 /* Place.swift */ = {isa = PBXFileReference; fileEncoding = 4; lastKnownFileType = sourcecode.swift; path = Place.swift; sourceTree = "<group>"; };
		C4C6A3B42A62F14D000D18D8 /* Station.swift */ = {isa = PBXFileReference; fileEncoding = 4; lastKnownFileType = sourcecode.swift; path = Station.swift; sourceTree = "<group>"; };
		C4EA02512A67747800DF0013 /* MockStationRepository.swift */ = {isa = PBXFileReference; lastKnownFileType = sourcecode.swift; path = MockStationRepository.swift; sourceTree = "<group>"; };
		C4FB5F402A6AE3F200833B37 /* InfoItem.swift */ = {isa = PBXFileReference; lastKnownFileType = sourcecode.swift; path = InfoItem.swift; sourceTree = "<group>"; };
		C4FBD91B2A6CE90F0092A757 /* ShimmerEffect.swift */ = {isa = PBXFileReference; lastKnownFileType = sourcecode.swift; path = ShimmerEffect.swift; sourceTree = "<group>"; };
		DD07486F2A696E8500AF5AFF /* GoogleService-Info.plist */ = {isa = PBXFileReference; fileEncoding = 4; lastKnownFileType = text.plist.xml; name = "GoogleService-Info.plist"; path = "../../GoogleService-Info.plist"; sourceTree = "<group>"; };
		DD750F9E2A6C17A800DE972F /* SimulatedLebakBulus.gpx */ = {isa = PBXFileReference; lastKnownFileType = text.xml; path = SimulatedLebakBulus.gpx; sourceTree = "<group>"; };
/* End PBXFileReference section */

/* Begin PBXFrameworksBuildPhase section */
		0FB4BEF72A62EA730009D00C /* Frameworks */ = {
			isa = PBXFrameworksBuildPhase;
			buildActionMask = 2147483647;
			files = (
				C4EA02492A67629F00DF0013 /* FirebaseFirestore in Frameworks */,
				C4EA024B2A67629F00DF0013 /* FirebaseFirestoreSwift in Frameworks */,
			);
			runOnlyForDeploymentPostprocessing = 0;
		};
		765881D82A6992140030DAE6 /* Frameworks */ = {
			isa = PBXFrameworksBuildPhase;
			buildActionMask = 2147483647;
			files = (
			);
			runOnlyForDeploymentPostprocessing = 0;
		};
/* End PBXFrameworksBuildPhase section */

/* Begin PBXGroup section */
		0FB4BEF12A62EA730009D00C = {
			isa = PBXGroup;
			children = (
				DD5B78B22A6A12610022572E /* Shared */,
				0FB4BEFC2A62EA730009D00C /* Nano3_MRTStation */,
				765881DC2A6992140030DAE6 /* Nano3 MRT Watch App */,
				0FB4BEFB2A62EA730009D00C /* Products */,
			);
			sourceTree = "<group>";
		};
		0FB4BEFB2A62EA730009D00C /* Products */ = {
			isa = PBXGroup;
			children = (
				0FB4BEFA2A62EA730009D00C /* Nano3_MRTStation.app */,
				765881DB2A6992140030DAE6 /* Nano3 MRT Watch App.app */,
			);
			name = Products;
			sourceTree = "<group>";
		};
		0FB4BEFC2A62EA730009D00C /* Nano3_MRTStation */ = {
			isa = PBXGroup;
			children = (
				DD07486F2A696E8500AF5AFF /* GoogleService-Info.plist */,
				C42091EC2A62EE4700009BAA /* Nano3-MRTStation-Info.plist */,
				0FB4BEFD2A62EA730009D00C /* Nano3_MRTStationApp.swift */,
				C4C6A3B12A62F14D000D18D8 /* Models */,
				C4C6A3A92A62F14D000D18D8 /* Views */,
				C4C6A3A72A62F14D000D18D8 /* ViewModels */,
				C44E1AFA2A68A76B00F9D5B0 /* Repository */,
				C4C6A3A32A62F14D000D18D8 /* Utilities */,
				0FB4BF012A62EA730009D00C /* Assets.xcassets */,
				0FB4BF032A62EA730009D00C /* Preview Content */,
			);
			path = Nano3_MRTStation;
			sourceTree = "<group>";
		};
		0FB4BF032A62EA730009D00C /* Preview Content */ = {
			isa = PBXGroup;
			children = (
				0FB4BF042A62EA730009D00C /* Preview Assets.xcassets */,
				C4EA02512A67747800DF0013 /* MockStationRepository.swift */,
				C49FEB152A6B4EC900C87AFF /* SimulatedLocations.gpx */,
				DD750F9E2A6C17A800DE972F /* SimulatedLebakBulus.gpx */,
			);
			path = "Preview Content";
			sourceTree = "<group>";
		};
		765881DC2A6992140030DAE6 /* Nano3 MRT Watch App */ = {
			isa = PBXGroup;
			children = (
				765881ED2A6992300030DAE6 /* Nano3-MRT-Watch-App-Info.plist */,
				765881DD2A6992140030DAE6 /* Nano3_MRTApp.swift */,
				765881F32A69942B0030DAE6 /* WatchCompassView.swift */,
				765881DF2A6992140030DAE6 /* ContentView.swift */,
				765881E12A6992150030DAE6 /* Assets.xcassets */,
				765881E32A6992150030DAE6 /* Preview Content */,
			);
			path = "Nano3 MRT Watch App";
			sourceTree = "<group>";
		};
		765881E32A6992150030DAE6 /* Preview Content */ = {
			isa = PBXGroup;
			children = (
				765881E42A6992150030DAE6 /* Preview Assets.xcassets */,
			);
			path = "Preview Content";
			sourceTree = "<group>";
		};
		C404D3CB2A692D3B00D149AC /* PlaceCategory */ = {
			isa = PBXGroup;
			children = (
				C404D3C92A692D2400D149AC /* PlaceCategoryGridView.swift */,
				C404D3CC2A69332700D149AC /* PlaceCategoryGridItem.swift */,
			);
			path = PlaceCategory;
			sourceTree = "<group>";
		};
		C404D3CE2A69346500D149AC /* PlaceList */ = {
			isa = PBXGroup;
			children = (
				C4C6A3AE2A62F14D000D18D8 /* PlaceListView.swift */,
				C49262152A6A85E900FF8137 /* PlaceListMap.swift */,
				C4C6A3AF2A62F14D000D18D8 /* PlaceListRow.swift */,
			);
			path = PlaceList;
			sourceTree = "<group>";
		};
		C41A43182A68AEA8000E9B3A /* Reusable */ = {
			isa = PBXGroup;
			children = (
				C4C6A3AB2A62F14D000D18D8 /* LocationStateView.swift */,
			);
			path = Reusable;
			sourceTree = "<group>";
		};
		C41A43192A68AEC5000E9B3A /* DebugOnly */ = {
			isa = PBXGroup;
			children = (
				C41A43162A68AE5D000E9B3A /* AddPlaceView.swift */,
			);
			path = DebugOnly;
			sourceTree = "<group>";
		};
		C41A431A2A68AEDF000E9B3A /* Compass */ = {
			isa = PBXGroup;
			children = (
				C4C6A3AA2A62F14D000D18D8 /* CompassView.swift */,
			);
			path = Compass;
			sourceTree = "<group>";
		};
		C44E1AF72A68A61A00F9D5B0 /* FirestoreManager */ = {
			isa = PBXGroup;
			children = (
				C44E1AF82A68A62D00F9D5B0 /* FirestoreManager.swift */,
			);
			path = FirestoreManager;
			sourceTree = "<group>";
		};
		C44E1AFA2A68A76B00F9D5B0 /* Repository */ = {
			isa = PBXGroup;
			children = (
				C44E1AFB2A68A77F00F9D5B0 /* StationRepository.swift */,
			);
			path = Repository;
			sourceTree = "<group>";
		};
		C492620B2A6A803100FF8137 /* Stepper */ = {
			isa = PBXGroup;
			children = (
				C492620C2A6A803C00FF8137 /* StepDivider.swift */,
				C492620E2A6A804B00FF8137 /* StepIndicator.swift */,
				C49262102A6A808200FF8137 /* StepperProgressBar.swift */,
			);
			path = Stepper;
			sourceTree = "<group>";
		};
		C49262122A6A816800FF8137 /* PlaceDetails */ = {
			isa = PBXGroup;
			children = (
				C49262132A6A817300FF8137 /* PlaceDetailsView.swift */,
				C48FA5C22A6AA64A00DC7CE6 /* AccessOptPicker.swift */,
				C4FB5F402A6AE3F200833B37 /* InfoItem.swift */,
			);
			path = PlaceDetails;
			sourceTree = "<group>";
		};
		C4C6A3A32A62F14D000D18D8 /* Utilities */ = {
			isa = PBXGroup;
			children = (
				C44E1AF72A68A61A00F9D5B0 /* FirestoreManager */,
				C4C6A3A42A62F14D000D18D8 /* LocationManager */,
			);
			path = Utilities;
			sourceTree = "<group>";
		};
		C4C6A3A42A62F14D000D18D8 /* LocationManager */ = {
			isa = PBXGroup;
			children = (
				C4C6A3A52A62F14D000D18D8 /* LocationDataManager.swift */,
				C4C6A3A62A62F14D000D18D8 /* LocationDataManagerDelegate.swift */,
			);
			path = LocationManager;
			sourceTree = "<group>";
		};
		C4C6A3A72A62F14D000D18D8 /* ViewModels */ = {
			isa = PBXGroup;
			children = (
				C4C6A3A82A62F14D000D18D8 /* DiscoveryViewModel.swift */,
			);
			path = ViewModels;
			sourceTree = "<group>";
		};
		C4C6A3A92A62F14D000D18D8 /* Views */ = {
			isa = PBXGroup;
			children = (
				C4FBD91A2A6CE8FE0092A757 /* Modifier */,
				C492620B2A6A803100FF8137 /* Stepper */,
				C4C6A3B02A62F14D000D18D8 /* ContentView.swift */,
				C41A431A2A68AEDF000E9B3A /* Compass */,
				C41A43182A68AEA8000E9B3A /* Reusable */,
				C4C6A3AD2A62F14D000D18D8 /* Place */,
				C41A43192A68AEC5000E9B3A /* DebugOnly */,
			);
			path = Views;
			sourceTree = "<group>";
		};
		C4C6A3AD2A62F14D000D18D8 /* Place */ = {
			isa = PBXGroup;
			children = (
				C49262122A6A816800FF8137 /* PlaceDetails */,
				C404D3CB2A692D3B00D149AC /* PlaceCategory */,
				C404D3CE2A69346500D149AC /* PlaceList */,
			);
			path = Place;
			sourceTree = "<group>";
		};
		C4C6A3B12A62F14D000D18D8 /* Models */ = {
			isa = PBXGroup;
			children = (
				C4C6A3B22A62F14D000D18D8 /* location.swift */,
				C4C6A3B32A62F14D000D18D8 /* Place.swift */,
				C4C6A3B42A62F14D000D18D8 /* Station.swift */,
				C44E1AFD2A68A88300F9D5B0 /* Compass.swift */,
			);
			path = Models;
			sourceTree = "<group>";
		};
		C4FBD91A2A6CE8FE0092A757 /* Modifier */ = {
			isa = PBXGroup;
			children = (
				C4FBD91B2A6CE90F0092A757 /* ShimmerEffect.swift */,
			);
			path = Modifier;
			sourceTree = "<group>";
		};
		DD5B78B22A6A12610022572E /* Shared */ = {
			isa = PBXGroup;
			children = (
				765881EE2A6992530030DAE6 /* WatchViewModel.swift */,
			);
			path = Shared;
			sourceTree = "<group>";
		};
/* End PBXGroup section */

/* Begin PBXNativeTarget section */
		0FB4BEF92A62EA730009D00C /* Nano3_MRTStation */ = {
			isa = PBXNativeTarget;
			buildConfigurationList = 0FB4BF082A62EA730009D00C /* Build configuration list for PBXNativeTarget "Nano3_MRTStation" */;
			buildPhases = (
				0FB4BEF62A62EA730009D00C /* Sources */,
				0FB4BEF72A62EA730009D00C /* Frameworks */,
				0FB4BEF82A62EA730009D00C /* Resources */,
				765881E92A6992150030DAE6 /* Embed Watch Content */,
			);
			buildRules = (
			);
			dependencies = (
				765881E72A6992150030DAE6 /* PBXTargetDependency */,
			);
			name = Nano3_MRTStation;
			packageProductDependencies = (
				C4EA02482A67629F00DF0013 /* FirebaseFirestore */,
				C4EA024A2A67629F00DF0013 /* FirebaseFirestoreSwift */,
			);
			productName = Nano3_MRTStation;
			productReference = 0FB4BEFA2A62EA730009D00C /* Nano3_MRTStation.app */;
			productType = "com.apple.product-type.application";
		};
		765881DA2A6992140030DAE6 /* Nano3 MRT Watch App */ = {
			isa = PBXNativeTarget;
			buildConfigurationList = 765881EC2A6992150030DAE6 /* Build configuration list for PBXNativeTarget "Nano3 MRT Watch App" */;
			buildPhases = (
				765881D72A6992140030DAE6 /* Sources */,
				765881D82A6992140030DAE6 /* Frameworks */,
				765881D92A6992140030DAE6 /* Resources */,
			);
			buildRules = (
			);
			dependencies = (
			);
			name = "Nano3 MRT Watch App";
			productName = "Nano3 MRT Watch App";
			productReference = 765881DB2A6992140030DAE6 /* Nano3 MRT Watch App.app */;
			productType = "com.apple.product-type.application";
		};
/* End PBXNativeTarget section */

/* Begin PBXProject section */
		0FB4BEF22A62EA730009D00C /* Project object */ = {
			isa = PBXProject;
			attributes = {
				BuildIndependentTargetsInParallel = 1;
				LastSwiftUpdateCheck = 1430;
				LastUpgradeCheck = 1430;
				TargetAttributes = {
					0FB4BEF92A62EA730009D00C = {
						CreatedOnToolsVersion = 14.3.1;
					};
					765881DA2A6992140030DAE6 = {
						CreatedOnToolsVersion = 14.3.1;
					};
				};
			};
			buildConfigurationList = 0FB4BEF52A62EA730009D00C /* Build configuration list for PBXProject "Nano3_MRTStation" */;
			compatibilityVersion = "Xcode 14.0";
			developmentRegion = en;
			hasScannedForEncodings = 0;
			knownRegions = (
				en,
				Base,
			);
			mainGroup = 0FB4BEF12A62EA730009D00C;
			packageReferences = (
				C4EA02472A67629F00DF0013 /* XCRemoteSwiftPackageReference "firebase-ios-sdk" */,
			);
			productRefGroup = 0FB4BEFB2A62EA730009D00C /* Products */;
			projectDirPath = "";
			projectRoot = "";
			targets = (
				0FB4BEF92A62EA730009D00C /* Nano3_MRTStation */,
				765881DA2A6992140030DAE6 /* Nano3 MRT Watch App */,
			);
		};
/* End PBXProject section */

/* Begin PBXResourcesBuildPhase section */
		0FB4BEF82A62EA730009D00C /* Resources */ = {
			isa = PBXResourcesBuildPhase;
			buildActionMask = 2147483647;
			files = (
				0FB4BF052A62EA730009D00C /* Preview Assets.xcassets in Resources */,
				0FB4BF022A62EA730009D00C /* Assets.xcassets in Resources */,
				DD0748702A696E8500AF5AFF /* GoogleService-Info.plist in Resources */,
			);
			runOnlyForDeploymentPostprocessing = 0;
		};
		765881D92A6992140030DAE6 /* Resources */ = {
			isa = PBXResourcesBuildPhase;
			buildActionMask = 2147483647;
			files = (
				765881E22A6992150030DAE6 /* Assets.xcassets in Resources */,
			);
			runOnlyForDeploymentPostprocessing = 0;
		};
/* End PBXResourcesBuildPhase section */

/* Begin PBXSourcesBuildPhase section */
		0FB4BEF62A62EA730009D00C /* Sources */ = {
			isa = PBXSourcesBuildPhase;
			buildActionMask = 2147483647;
			files = (
				C404D3CA2A692D2400D149AC /* PlaceCategoryGridView.swift in Sources */,
				C49262142A6A817300FF8137 /* PlaceDetailsView.swift in Sources */,
				C41A43172A68AE5D000E9B3A /* AddPlaceView.swift in Sources */,
				765881EF2A6992530030DAE6 /* WatchViewModel.swift in Sources */,
				C4C6A3B62A62F14D000D18D8 /* LocationDataManagerDelegate.swift in Sources */,
				765881F42A69942B0030DAE6 /* WatchCompassView.swift in Sources */,
				C44E1AF92A68A62D00F9D5B0 /* FirestoreManager.swift in Sources */,
				C4C6A3BC2A62F14D000D18D8 /* PlaceListRow.swift in Sources */,
				C4C6A3B92A62F14D000D18D8 /* LocationStateView.swift in Sources */,
				C492620F2A6A804B00FF8137 /* StepIndicator.swift in Sources */,
				C44E1AFC2A68A77F00F9D5B0 /* StationRepository.swift in Sources */,
				C49262162A6A85E900FF8137 /* PlaceListMap.swift in Sources */,
				C4C6A3BF2A62F14D000D18D8 /* Place.swift in Sources */,
				C4C6A3BE2A62F14D000D18D8 /* location.swift in Sources */,
				C492620D2A6A803C00FF8137 /* StepDivider.swift in Sources */,
				C44E1AFE2A68A88300F9D5B0 /* Compass.swift in Sources */,
				C4C6A3C02A62F14D000D18D8 /* Station.swift in Sources */,
				C48FA5C32A6AA64A00DC7CE6 /* AccessOptPicker.swift in Sources */,
				C4C6A3BB2A62F14D000D18D8 /* PlaceListView.swift in Sources */,
				C4FB5F412A6AE3F200833B37 /* InfoItem.swift in Sources */,
				C49262112A6A808200FF8137 /* StepperProgressBar.swift in Sources */,
				C4FBD91C2A6CE90F0092A757 /* ShimmerEffect.swift in Sources */,
				C4C6A3B52A62F14D000D18D8 /* LocationDataManager.swift in Sources */,
				C4C6A3B82A62F14D000D18D8 /* CompassView.swift in Sources */,
				C4EA02522A67747800DF0013 /* MockStationRepository.swift in Sources */,
				C4C6A3BD2A62F14D000D18D8 /* ContentView.swift in Sources */,
				C404D3CD2A69332700D149AC /* PlaceCategoryGridItem.swift in Sources */,
				0FB4BEFE2A62EA730009D00C /* Nano3_MRTStationApp.swift in Sources */,
				C4C6A3B72A62F14D000D18D8 /* DiscoveryViewModel.swift in Sources */,
			);
			runOnlyForDeploymentPostprocessing = 0;
		};
		765881D72A6992140030DAE6 /* Sources */ = {
			isa = PBXSourcesBuildPhase;
			buildActionMask = 2147483647;
			files = (
				765881F12A6993840030DAE6 /* LocationDataManagerDelegate.swift in Sources */,
				765881F52A69942B0030DAE6 /* WatchCompassView.swift in Sources */,
				76F1C0472A699583009786E0 /* location.swift in Sources */,
				765881E02A6992140030DAE6 /* ContentView.swift in Sources */,
				76F1C0482A6995A6009786E0 /* LocationStateView.swift in Sources */,
				765881DE2A6992140030DAE6 /* Nano3_MRTApp.swift in Sources */,
				765881F02A6992530030DAE6 /* WatchViewModel.swift in Sources */,
				76F1C0462A699570009786E0 /* Place.swift in Sources */,
				765881F22A6993870030DAE6 /* LocationDataManager.swift in Sources */,
			);
			runOnlyForDeploymentPostprocessing = 0;
		};
/* End PBXSourcesBuildPhase section */

/* Begin PBXTargetDependency section */
		765881E72A6992150030DAE6 /* PBXTargetDependency */ = {
			isa = PBXTargetDependency;
			target = 765881DA2A6992140030DAE6 /* Nano3 MRT Watch App */;
			targetProxy = 765881E62A6992150030DAE6 /* PBXContainerItemProxy */;
		};
/* End PBXTargetDependency section */

/* Begin XCBuildConfiguration section */
		0FB4BF062A62EA730009D00C /* Debug */ = {
			isa = XCBuildConfiguration;
			buildSettings = {
				ALWAYS_SEARCH_USER_PATHS = NO;
				CLANG_ANALYZER_NONNULL = YES;
				CLANG_ANALYZER_NUMBER_OBJECT_CONVERSION = YES_AGGRESSIVE;
				CLANG_CXX_LANGUAGE_STANDARD = "gnu++20";
				CLANG_ENABLE_MODULES = YES;
				CLANG_ENABLE_OBJC_ARC = YES;
				CLANG_ENABLE_OBJC_WEAK = YES;
				CLANG_WARN_BLOCK_CAPTURE_AUTORELEASING = YES;
				CLANG_WARN_BOOL_CONVERSION = YES;
				CLANG_WARN_COMMA = YES;
				CLANG_WARN_CONSTANT_CONVERSION = YES;
				CLANG_WARN_DEPRECATED_OBJC_IMPLEMENTATIONS = YES;
				CLANG_WARN_DIRECT_OBJC_ISA_USAGE = YES_ERROR;
				CLANG_WARN_DOCUMENTATION_COMMENTS = YES;
				CLANG_WARN_EMPTY_BODY = YES;
				CLANG_WARN_ENUM_CONVERSION = YES;
				CLANG_WARN_INFINITE_RECURSION = YES;
				CLANG_WARN_INT_CONVERSION = YES;
				CLANG_WARN_NON_LITERAL_NULL_CONVERSION = YES;
				CLANG_WARN_OBJC_IMPLICIT_RETAIN_SELF = YES;
				CLANG_WARN_OBJC_LITERAL_CONVERSION = YES;
				CLANG_WARN_OBJC_ROOT_CLASS = YES_ERROR;
				CLANG_WARN_QUOTED_INCLUDE_IN_FRAMEWORK_HEADER = YES;
				CLANG_WARN_RANGE_LOOP_ANALYSIS = YES;
				CLANG_WARN_STRICT_PROTOTYPES = YES;
				CLANG_WARN_SUSPICIOUS_MOVE = YES;
				CLANG_WARN_UNGUARDED_AVAILABILITY = YES_AGGRESSIVE;
				CLANG_WARN_UNREACHABLE_CODE = YES;
				CLANG_WARN__DUPLICATE_METHOD_MATCH = YES;
				COPY_PHASE_STRIP = NO;
				DEBUG_INFORMATION_FORMAT = dwarf;
				ENABLE_STRICT_OBJC_MSGSEND = YES;
				ENABLE_TESTABILITY = YES;
				GCC_C_LANGUAGE_STANDARD = gnu11;
				GCC_DYNAMIC_NO_PIC = NO;
				GCC_NO_COMMON_BLOCKS = YES;
				GCC_OPTIMIZATION_LEVEL = 0;
				GCC_PREPROCESSOR_DEFINITIONS = (
					"DEBUG=1",
					"$(inherited)",
				);
				GCC_WARN_64_TO_32_BIT_CONVERSION = YES;
				GCC_WARN_ABOUT_RETURN_TYPE = YES_ERROR;
				GCC_WARN_UNDECLARED_SELECTOR = YES;
				GCC_WARN_UNINITIALIZED_AUTOS = YES_AGGRESSIVE;
				GCC_WARN_UNUSED_FUNCTION = YES;
				GCC_WARN_UNUSED_VARIABLE = YES;
				IPHONEOS_DEPLOYMENT_TARGET = 16.4;
				MTL_ENABLE_DEBUG_INFO = INCLUDE_SOURCE;
				MTL_FAST_MATH = YES;
				ONLY_ACTIVE_ARCH = YES;
				SDKROOT = iphoneos;
				SWIFT_ACTIVE_COMPILATION_CONDITIONS = DEBUG;
				SWIFT_OPTIMIZATION_LEVEL = "-Onone";
			};
			name = Debug;
		};
		0FB4BF072A62EA730009D00C /* Release */ = {
			isa = XCBuildConfiguration;
			buildSettings = {
				ALWAYS_SEARCH_USER_PATHS = NO;
				CLANG_ANALYZER_NONNULL = YES;
				CLANG_ANALYZER_NUMBER_OBJECT_CONVERSION = YES_AGGRESSIVE;
				CLANG_CXX_LANGUAGE_STANDARD = "gnu++20";
				CLANG_ENABLE_MODULES = YES;
				CLANG_ENABLE_OBJC_ARC = YES;
				CLANG_ENABLE_OBJC_WEAK = YES;
				CLANG_WARN_BLOCK_CAPTURE_AUTORELEASING = YES;
				CLANG_WARN_BOOL_CONVERSION = YES;
				CLANG_WARN_COMMA = YES;
				CLANG_WARN_CONSTANT_CONVERSION = YES;
				CLANG_WARN_DEPRECATED_OBJC_IMPLEMENTATIONS = YES;
				CLANG_WARN_DIRECT_OBJC_ISA_USAGE = YES_ERROR;
				CLANG_WARN_DOCUMENTATION_COMMENTS = YES;
				CLANG_WARN_EMPTY_BODY = YES;
				CLANG_WARN_ENUM_CONVERSION = YES;
				CLANG_WARN_INFINITE_RECURSION = YES;
				CLANG_WARN_INT_CONVERSION = YES;
				CLANG_WARN_NON_LITERAL_NULL_CONVERSION = YES;
				CLANG_WARN_OBJC_IMPLICIT_RETAIN_SELF = YES;
				CLANG_WARN_OBJC_LITERAL_CONVERSION = YES;
				CLANG_WARN_OBJC_ROOT_CLASS = YES_ERROR;
				CLANG_WARN_QUOTED_INCLUDE_IN_FRAMEWORK_HEADER = YES;
				CLANG_WARN_RANGE_LOOP_ANALYSIS = YES;
				CLANG_WARN_STRICT_PROTOTYPES = YES;
				CLANG_WARN_SUSPICIOUS_MOVE = YES;
				CLANG_WARN_UNGUARDED_AVAILABILITY = YES_AGGRESSIVE;
				CLANG_WARN_UNREACHABLE_CODE = YES;
				CLANG_WARN__DUPLICATE_METHOD_MATCH = YES;
				COPY_PHASE_STRIP = NO;
				DEBUG_INFORMATION_FORMAT = "dwarf-with-dsym";
				ENABLE_NS_ASSERTIONS = NO;
				ENABLE_STRICT_OBJC_MSGSEND = YES;
				GCC_C_LANGUAGE_STANDARD = gnu11;
				GCC_NO_COMMON_BLOCKS = YES;
				GCC_WARN_64_TO_32_BIT_CONVERSION = YES;
				GCC_WARN_ABOUT_RETURN_TYPE = YES_ERROR;
				GCC_WARN_UNDECLARED_SELECTOR = YES;
				GCC_WARN_UNINITIALIZED_AUTOS = YES_AGGRESSIVE;
				GCC_WARN_UNUSED_FUNCTION = YES;
				GCC_WARN_UNUSED_VARIABLE = YES;
				IPHONEOS_DEPLOYMENT_TARGET = 16.4;
				MTL_ENABLE_DEBUG_INFO = NO;
				MTL_FAST_MATH = YES;
				SDKROOT = iphoneos;
				SWIFT_COMPILATION_MODE = wholemodule;
				SWIFT_OPTIMIZATION_LEVEL = "-O";
				VALIDATE_PRODUCT = YES;
			};
			name = Release;
		};
		0FB4BF092A62EA730009D00C /* Debug */ = {
			isa = XCBuildConfiguration;
			buildSettings = {
				ALWAYS_EMBED_SWIFT_STANDARD_LIBRARIES = YES;
				ASSETCATALOG_COMPILER_APPICON_NAME = AppIcon;
				ASSETCATALOG_COMPILER_GLOBAL_ACCENT_COLOR_NAME = AccentColor;
				CODE_SIGN_STYLE = Automatic;
				CURRENT_PROJECT_VERSION = 1;
				DEVELOPMENT_ASSET_PATHS = "\"Nano3_MRTStation/Preview Content\"";
				DEVELOPMENT_TEAM = GHRFT69K59;
				ENABLE_PREVIEWS = YES;
				GENERATE_INFOPLIST_FILE = YES;
				INFOPLIST_FILE = "Nano3-MRTStation-Info.plist";
				INFOPLIST_KEY_NSLocationWhenInUseUsageDescription = "The app need to access location service";
				INFOPLIST_KEY_UIApplicationSceneManifest_Generation = YES;
				INFOPLIST_KEY_UIApplicationSupportsIndirectInputEvents = YES;
				INFOPLIST_KEY_UILaunchScreen_Generation = YES;
				INFOPLIST_KEY_UIRequiresFullScreen = YES;
				INFOPLIST_KEY_UISupportedInterfaceOrientations = UIInterfaceOrientationPortrait;
				LD_RUNPATH_SEARCH_PATHS = (
					"$(inherited)",
					"@executable_path/Frameworks",
				);
				MARKETING_VERSION = 1.0;
				PRODUCT_BUNDLE_IDENTIFIER = "com.Tiffany.Nano3-MRTStation";
				PRODUCT_NAME = "$(TARGET_NAME)";
				SUPPORTED_PLATFORMS = "iphoneos iphonesimulator";
				SUPPORTS_MACCATALYST = NO;
				SUPPORTS_MAC_DESIGNED_FOR_IPHONE_IPAD = NO;
				SWIFT_EMIT_LOC_STRINGS = YES;
				SWIFT_VERSION = 5.0;
				TARGETED_DEVICE_FAMILY = "1,2";
			};
			name = Debug;
		};
		0FB4BF0A2A62EA730009D00C /* Release */ = {
			isa = XCBuildConfiguration;
			buildSettings = {
				ALWAYS_EMBED_SWIFT_STANDARD_LIBRARIES = YES;
				ASSETCATALOG_COMPILER_APPICON_NAME = AppIcon;
				ASSETCATALOG_COMPILER_GLOBAL_ACCENT_COLOR_NAME = AccentColor;
				CODE_SIGN_STYLE = Automatic;
				CURRENT_PROJECT_VERSION = 1;
				DEVELOPMENT_ASSET_PATHS = "\"Nano3_MRTStation/Preview Content\"";
				DEVELOPMENT_TEAM = GHRFT69K59;
				ENABLE_PREVIEWS = YES;
				GENERATE_INFOPLIST_FILE = YES;
				INFOPLIST_FILE = "Nano3-MRTStation-Info.plist";
				INFOPLIST_KEY_NSLocationWhenInUseUsageDescription = "The app need to access location service";
				INFOPLIST_KEY_UIApplicationSceneManifest_Generation = YES;
				INFOPLIST_KEY_UIApplicationSupportsIndirectInputEvents = YES;
				INFOPLIST_KEY_UILaunchScreen_Generation = YES;
				INFOPLIST_KEY_UIRequiresFullScreen = YES;
				INFOPLIST_KEY_UISupportedInterfaceOrientations = UIInterfaceOrientationPortrait;
				LD_RUNPATH_SEARCH_PATHS = (
					"$(inherited)",
					"@executable_path/Frameworks",
				);
				MARKETING_VERSION = 1.0;
				PRODUCT_BUNDLE_IDENTIFIER = "com.Tiffany.Nano3-MRTStation";
				PRODUCT_NAME = "$(TARGET_NAME)";
				SUPPORTED_PLATFORMS = "iphoneos iphonesimulator";
				SUPPORTS_MACCATALYST = NO;
				SUPPORTS_MAC_DESIGNED_FOR_IPHONE_IPAD = NO;
				SWIFT_EMIT_LOC_STRINGS = YES;
				SWIFT_VERSION = 5.0;
				TARGETED_DEVICE_FAMILY = "1,2";
			};
			name = Release;
		};
		765881EA2A6992150030DAE6 /* Debug */ = {
			isa = XCBuildConfiguration;
			buildSettings = {
				ASSETCATALOG_COMPILER_APPICON_NAME = AppIcon;
				ASSETCATALOG_COMPILER_GLOBAL_ACCENT_COLOR_NAME = AccentColor;
				CODE_SIGN_STYLE = Automatic;
				CURRENT_PROJECT_VERSION = 1;
				DEVELOPMENT_ASSET_PATHS = "\"Nano3 MRT Watch App/Preview Content\"";
				DEVELOPMENT_TEAM = GHRFT69K59;
				ENABLE_PREVIEWS = YES;
				GENERATE_INFOPLIST_FILE = YES;
				INFOPLIST_FILE = "Nano3-MRT-Watch-App-Info.plist";
				INFOPLIST_KEY_CFBundleDisplayName = "Nano3 MRT";
				INFOPLIST_KEY_UISupportedInterfaceOrientations = "UIInterfaceOrientationPortrait UIInterfaceOrientationPortraitUpsideDown";
				INFOPLIST_KEY_WKCompanionAppBundleIdentifier = "com.Tiffany.Nano3-MRTStation";
				LD_RUNPATH_SEARCH_PATHS = (
					"$(inherited)",
					"@executable_path/Frameworks",
				);
				MARKETING_VERSION = 1.0;
				PRODUCT_BUNDLE_IDENTIFIER = "com.Tiffany.Nano3-MRTStation.watchkitapp";
				PRODUCT_NAME = "$(TARGET_NAME)";
				SDKROOT = watchos;
				SKIP_INSTALL = YES;
				SWIFT_EMIT_LOC_STRINGS = YES;
				SWIFT_VERSION = 5.0;
				TARGETED_DEVICE_FAMILY = 4;
				WATCHOS_DEPLOYMENT_TARGET = 9.0;
			};
			name = Debug;
		};
		765881EB2A6992150030DAE6 /* Release */ = {
			isa = XCBuildConfiguration;
			buildSettings = {
				ASSETCATALOG_COMPILER_APPICON_NAME = AppIcon;
				ASSETCATALOG_COMPILER_GLOBAL_ACCENT_COLOR_NAME = AccentColor;
				CODE_SIGN_STYLE = Automatic;
				CURRENT_PROJECT_VERSION = 1;
				DEVELOPMENT_ASSET_PATHS = "\"Nano3 MRT Watch App/Preview Content\"";
				DEVELOPMENT_TEAM = GHRFT69K59;
				ENABLE_PREVIEWS = YES;
				GENERATE_INFOPLIST_FILE = YES;
				INFOPLIST_FILE = "Nano3-MRT-Watch-App-Info.plist";
				INFOPLIST_KEY_CFBundleDisplayName = "Nano3 MRT";
				INFOPLIST_KEY_UISupportedInterfaceOrientations = "UIInterfaceOrientationPortrait UIInterfaceOrientationPortraitUpsideDown";
				INFOPLIST_KEY_WKCompanionAppBundleIdentifier = "com.Tiffany.Nano3-MRTStation";
				LD_RUNPATH_SEARCH_PATHS = (
					"$(inherited)",
					"@executable_path/Frameworks",
				);
				MARKETING_VERSION = 1.0;
				PRODUCT_BUNDLE_IDENTIFIER = "com.Tiffany.Nano3-MRTStation.watchkitapp";
				PRODUCT_NAME = "$(TARGET_NAME)";
				SDKROOT = watchos;
				SKIP_INSTALL = YES;
				SWIFT_EMIT_LOC_STRINGS = YES;
				SWIFT_VERSION = 5.0;
				TARGETED_DEVICE_FAMILY = 4;
				WATCHOS_DEPLOYMENT_TARGET = 9.0;
			};
			name = Release;
		};
/* End XCBuildConfiguration section */

/* Begin XCConfigurationList section */
		0FB4BEF52A62EA730009D00C /* Build configuration list for PBXProject "Nano3_MRTStation" */ = {
			isa = XCConfigurationList;
			buildConfigurations = (
				0FB4BF062A62EA730009D00C /* Debug */,
				0FB4BF072A62EA730009D00C /* Release */,
			);
			defaultConfigurationIsVisible = 0;
			defaultConfigurationName = Release;
		};
		0FB4BF082A62EA730009D00C /* Build configuration list for PBXNativeTarget "Nano3_MRTStation" */ = {
			isa = XCConfigurationList;
			buildConfigurations = (
				0FB4BF092A62EA730009D00C /* Debug */,
				0FB4BF0A2A62EA730009D00C /* Release */,
			);
			defaultConfigurationIsVisible = 0;
			defaultConfigurationName = Release;
		};
		765881EC2A6992150030DAE6 /* Build configuration list for PBXNativeTarget "Nano3 MRT Watch App" */ = {
			isa = XCConfigurationList;
			buildConfigurations = (
				765881EA2A6992150030DAE6 /* Debug */,
				765881EB2A6992150030DAE6 /* Release */,
			);
			defaultConfigurationIsVisible = 0;
			defaultConfigurationName = Release;
		};
/* End XCConfigurationList section */

/* Begin XCRemoteSwiftPackageReference section */
		C4EA02472A67629F00DF0013 /* XCRemoteSwiftPackageReference "firebase-ios-sdk" */ = {
			isa = XCRemoteSwiftPackageReference;
			repositoryURL = "https://github.com/firebase/firebase-ios-sdk";
			requirement = {
				kind = upToNextMajorVersion;
				minimumVersion = 10.0.0;
			};
		};
/* End XCRemoteSwiftPackageReference section */

/* Begin XCSwiftPackageProductDependency section */
		C4EA02482A67629F00DF0013 /* FirebaseFirestore */ = {
			isa = XCSwiftPackageProductDependency;
			package = C4EA02472A67629F00DF0013 /* XCRemoteSwiftPackageReference "firebase-ios-sdk" */;
			productName = FirebaseFirestore;
		};
		C4EA024A2A67629F00DF0013 /* FirebaseFirestoreSwift */ = {
			isa = XCSwiftPackageProductDependency;
			package = C4EA02472A67629F00DF0013 /* XCRemoteSwiftPackageReference "firebase-ios-sdk" */;
			productName = FirebaseFirestoreSwift;
		};
/* End XCSwiftPackageProductDependency section */
	};
	rootObject = 0FB4BEF22A62EA730009D00C /* Project object */;
}
